{
    "_readme": [
        "This file locks the dependencies of your project to a known state",
        "Read more about it at https://getcomposer.org/doc/01-basic-usage.md#installing-dependencies",
        "This file is @generated automatically"
    ],
    "content-hash": "55b5155ff1dd336952bd07a558ae0732",
    "packages": [
        {
            "name": "raxos/contract",
            "version": "dev-main",
            "dist": {
                "type": "path",
                "url": "../contract",
                "reference": "0b4a947ca88d455b7d3e610d4da7af2987c3278d"
            },
            "require": {
                "ext-pdo": "*"
            },
            "type": "library",
            "autoload": {
                "psr-4": {
                    "Raxos\\Contract\\": "src/"
                }
            },
            "license": [
                "mit"
            ],
            "authors": [
                {
                    "name": "Bas Milius",
                    "email": "bas@mili.us"
                }
            ],
            "description": "Interfaces used in Raxos.",
            "transport-options": {
                "relative": true
            }
        }
    ],
    "packages-dev": [],
    "aliases": [],
    "minimum-stability": "dev",
    "stability-flags": {},
    "prefer-stable": true,
    "prefer-lowest": false,
    "platform": {},
    "platform-dev": {},
    "platform-overrides": {
        "php": "8.5"
    },
    "plugin-api-version": "2.9.0"
}
