{
    "_readme": [
        "This file locks the dependencies of your project to a known state",
        "Read more about it at https://getcomposer.org/doc/01-basic-usage.md#installing-dependencies",
        "This file is @generated automatically"
    ],
    "content-hash": "63ffa4d968fe6b6d63a4afb57761e3cf",
    "packages": [
        {
            "name": "raxos/contract",
            "version": "dev-main",
            "dist": {
                "type": "path",
                "url": "../contract",
                "reference": "1e228db9825ba45c7ba627c4a6e6b3502f5796d3"
            },
            "type": "library",
            "autoload": {
                "psr-4": {
                    "Raxos\\Contract\\": "src/"
                }
            },
            "license": [
                "mit"
            ],
            "authors": [
                {
                    "name": "Bas Milius",
                    "email": "bas@mili.us"
                }
            ],
            "description": "Interfaces used in Raxos.",
            "transport-options": {
                "relative": true
            }
        }
    ],
    "packages-dev": [],
    "aliases": [],
    "minimum-stability": "dev",
    "stability-flags": {},
    "prefer-stable": true,
    "prefer-lowest": false,
    "platform": {},
    "platform-dev": {},
    "platform-overrides": {
        "php": "8.4"
    },
    "plugin-api-version": "2.6.0"
}
